
Microsoft Visual Studio Solution File, Format Version 12.00
# Visual Studio Version 17
VisualStudioVersion = 17.4.33122.133
MinimumVisualStudioVersion = 10.0.40219.1
Project("{2150E333-8FDC-42A3-9474-1A3956D46DE8}") = "benchmark", "benchmark", "{157054DD-EFDD-4DE5-8DA9-FA3FB25E4BBF}"
EndProject
Project("{9A19103F-16F7-4668-BE54-9A1E7A4F7556}") = "FluentWorkflow.Benchmark", "benchmark\FluentWorkflow.Benchmark\FluentWorkflow.Benchmark.csproj", "{6249CD76-B4FD-42DA-A269-B831982B2D12}"
EndProject
Project("{2150E333-8FDC-42A3-9474-1A3956D46DE8}") = "src", "src", "{722A2DEB-1919-4A63-9F2A-CF068C8A1618}"
EndProject
Project("{2150E333-8FDC-42A3-9474-1A3956D46DE8}") = "test", "test", "{BBBDA882-ED61-4F42-8380-11A6D6E6C82C}"
EndProject
Project("{9A19103F-16F7-4668-BE54-9A1E7A4F7556}") = "FluentWorkflow.Test", "test\FluentWorkflow.Test\FluentWorkflow.Test.csproj", "{B5B69101-785B-4750-8D4E-6E8708B7FE13}"
EndProject
Project("{2150E333-8FDC-42A3-9474-1A3956D46DE8}") = "solution items", "solution items", "{07D4524D-19D0-4AA4-916E-829CAE401A7F}"
	ProjectSection(SolutionItems) = preProject
		.editorconfig = .editorconfig
		.gitignore = .gitignore
		Directory.Build.props = Directory.Build.props
		global.json = global.json
		LICENSE.txt = LICENSE.txt
		package.props = package.props
		README.md = README.md
	EndProjectSection
EndProject
Project("{9A19103F-16F7-4668-BE54-9A1E7A4F7556}") = "FluentWorkflow.Core", "src\FluentWorkflow.Core\FluentWorkflow.Core.csproj", "{C5314CFD-5ED0-4EB4-A729-248887F5FF6F}"
EndProject
Project("{9A19103F-16F7-4668-BE54-9A1E7A4F7556}") = "FluentWorkflow.Generator", "src\FluentWorkflow.Generator\FluentWorkflow.Generator.csproj", "{C4786131-A757-4EDE-93BC-68389E0B73F0}"
EndProject
Project("{9A19103F-16F7-4668-BE54-9A1E7A4F7556}") = "FluentWorkflow.SimpleSample", "sample\FluentWorkflow.SimpleSample\FluentWorkflow.SimpleSample.csproj", "{C6461766-7C2C-412C-B224-A756B772EC7A}"
EndProject
Project("{2150E333-8FDC-42A3-9474-1A3956D46DE8}") = "sample", "sample", "{16831A12-4938-4FFE-84BF-10B92FF4C518}"
EndProject
Project("{2150E333-8FDC-42A3-9474-1A3956D46DE8}") = "template", "template", "{6903C587-99D3-4EAB-ABC0-4425EF8C8D30}"
EndProject
Project("{9A19103F-16F7-4668-BE54-9A1E7A4F7556}") = "FluentWorkflow.Template.Basic", "template\FluentWorkflow.Template\FluentWorkflow.Template.Basic.csproj", "{01717C0F-A79E-4235-9217-A7DBF63D9B71}"
EndProject
Project("{9A19103F-16F7-4668-BE54-9A1E7A4F7556}") = "FluentWorkflow.Template.Extension.Abp", "template\FluentWorkflow.Template\FluentWorkflow.Template.Extension.Abp.csproj", "{1A8FABDF-CD9B-47A4-BED1-221DF698007B}"
EndProject
Project("{9A19103F-16F7-4668-BE54-9A1E7A4F7556}") = "FluentWorkflow.Template.Extension.CAP", "template\FluentWorkflow.Template\FluentWorkflow.Template.Extension.CAP.csproj", "{08B3CDA1-130A-4ABC-9838-1F692DD5534A}"
EndProject
Project("{9A19103F-16F7-4668-BE54-9A1E7A4F7556}") = "FluentWorkflow.Template.Extension.All", "template\FluentWorkflow.Template\FluentWorkflow.Template.Extension.All.csproj", "{71FBFA29-9AEA-4E69-BE29-CD4240BAD41D}"
EndProject
Project("{9A19103F-16F7-4668-BE54-9A1E7A4F7556}") = "FluentWorkflow.Test.Base", "test\FluentWorkflow.Test.Base\FluentWorkflow.Test.Base.csproj", "{66D81F6C-4D25-4CD7-B62B-F72C777E05B8}"
EndProject
Project("{9A19103F-16F7-4668-BE54-9A1E7A4F7556}") = "FluentWorkflow.Template.Extension.Redis", "template\FluentWorkflow.Template\FluentWorkflow.Template.Extension.Redis.csproj", "{B85C3F9E-EED6-4689-B850-DC0B1CFC7387}"
EndProject
Project("{9A19103F-16F7-4668-BE54-9A1E7A4F7556}") = "FluentWorkflow.RabbitMQ", "src\FluentWorkflow.RabbitMQ\FluentWorkflow.RabbitMQ.csproj", "{01A832AA-384D-4F5B-8ACE-3583BB855B8C}"
EndProject
Project("{9A19103F-16F7-4668-BE54-9A1E7A4F7556}") = "FluentWorkflow.Template.Test", "test\FluentWorkflow.Template.Test\FluentWorkflow.Template.Test.csproj", "{7008689B-EDA5-4AF6-BC31-480115C691DD}"
EndProject
Project("{9A19103F-16F7-4668-BE54-9A1E7A4F7556}") = "FluentWorkflow.SimpleSample.Test", "test\FluentWorkflow.SimpleSample.Test\FluentWorkflow.SimpleSample.Test.csproj", "{49938E79-3DCB-472C-801F-BB8C446C9FE3}"
EndProject
Global
	GlobalSection(SolutionConfigurationPlatforms) = preSolution
		Debug|Any CPU = Debug|Any CPU
		Release|Any CPU = Release|Any CPU
	EndGlobalSection
	GlobalSection(ProjectConfigurationPlatforms) = postSolution
		{6249CD76-B4FD-42DA-A269-B831982B2D12}.Debug|Any CPU.ActiveCfg = Debug|Any CPU
		{6249CD76-B4FD-42DA-A269-B831982B2D12}.Debug|Any CPU.Build.0 = Debug|Any CPU
		{6249CD76-B4FD-42DA-A269-B831982B2D12}.Release|Any CPU.ActiveCfg = Release|Any CPU
		{6249CD76-B4FD-42DA-A269-B831982B2D12}.Release|Any CPU.Build.0 = Release|Any CPU
		{B5B69101-785B-4750-8D4E-6E8708B7FE13}.Debug|Any CPU.ActiveCfg = Debug|Any CPU
		{B5B69101-785B-4750-8D4E-6E8708B7FE13}.Debug|Any CPU.Build.0 = Debug|Any CPU
		{B5B69101-785B-4750-8D4E-6E8708B7FE13}.Release|Any CPU.ActiveCfg = Release|Any CPU
		{B5B69101-785B-4750-8D4E-6E8708B7FE13}.Release|Any CPU.Build.0 = Release|Any CPU
		{C5314CFD-5ED0-4EB4-A729-248887F5FF6F}.Debug|Any CPU.ActiveCfg = Debug|Any CPU
		{C5314CFD-5ED0-4EB4-A729-248887F5FF6F}.Debug|Any CPU.Build.0 = Debug|Any CPU
		{C5314CFD-5ED0-4EB4-A729-248887F5FF6F}.Release|Any CPU.ActiveCfg = Release|Any CPU
		{C5314CFD-5ED0-4EB4-A729-248887F5FF6F}.Release|Any CPU.Build.0 = Release|Any CPU
		{C4786131-A757-4EDE-93BC-68389E0B73F0}.Debug|Any CPU.ActiveCfg = Debug|Any CPU
		{C4786131-A757-4EDE-93BC-68389E0B73F0}.Debug|Any CPU.Build.0 = Debug|Any CPU
		{C4786131-A757-4EDE-93BC-68389E0B73F0}.Release|Any CPU.ActiveCfg = Release|Any CPU
		{C4786131-A757-4EDE-93BC-68389E0B73F0}.Release|Any CPU.Build.0 = Release|Any CPU
		{C6461766-7C2C-412C-B224-A756B772EC7A}.Debug|Any CPU.ActiveCfg = Debug|Any CPU
		{C6461766-7C2C-412C-B224-A756B772EC7A}.Debug|Any CPU.Build.0 = Debug|Any CPU
		{C6461766-7C2C-412C-B224-A756B772EC7A}.Release|Any CPU.ActiveCfg = Release|Any CPU
		{C6461766-7C2C-412C-B224-A756B772EC7A}.Release|Any CPU.Build.0 = Release|Any CPU
		{01717C0F-A79E-4235-9217-A7DBF63D9B71}.Debug|Any CPU.ActiveCfg = Debug|Any CPU
		{01717C0F-A79E-4235-9217-A7DBF63D9B71}.Debug|Any CPU.Build.0 = Debug|Any CPU
		{01717C0F-A79E-4235-9217-A7DBF63D9B71}.Release|Any CPU.ActiveCfg = Release|Any CPU
		{01717C0F-A79E-4235-9217-A7DBF63D9B71}.Release|Any CPU.Build.0 = Release|Any CPU
		{1A8FABDF-CD9B-47A4-BED1-221DF698007B}.Debug|Any CPU.ActiveCfg = Debug|Any CPU
		{1A8FABDF-CD9B-47A4-BED1-221DF698007B}.Debug|Any CPU.Build.0 = Debug|Any CPU
		{1A8FABDF-CD9B-47A4-BED1-221DF698007B}.Release|Any CPU.ActiveCfg = Release|Any CPU
		{1A8FABDF-CD9B-47A4-BED1-221DF698007B}.Release|Any CPU.Build.0 = Release|Any CPU
		{08B3CDA1-130A-4ABC-9838-1F692DD5534A}.Debug|Any CPU.ActiveCfg = Debug|Any CPU
		{08B3CDA1-130A-4ABC-9838-1F692DD5534A}.Debug|Any CPU.Build.0 = Debug|Any CPU
		{08B3CDA1-130A-4ABC-9838-1F692DD5534A}.Release|Any CPU.ActiveCfg = Release|Any CPU
		{08B3CDA1-130A-4ABC-9838-1F692DD5534A}.Release|Any CPU.Build.0 = Release|Any CPU
		{71FBFA29-9AEA-4E69-BE29-CD4240BAD41D}.Debug|Any CPU.ActiveCfg = Debug|Any CPU
		{71FBFA29-9AEA-4E69-BE29-CD4240BAD41D}.Debug|Any CPU.Build.0 = Debug|Any CPU
		{71FBFA29-9AEA-4E69-BE29-CD4240BAD41D}.Release|Any CPU.ActiveCfg = Release|Any CPU
		{71FBFA29-9AEA-4E69-BE29-CD4240BAD41D}.Release|Any CPU.Build.0 = Release|Any CPU
		{66D81F6C-4D25-4CD7-B62B-F72C777E05B8}.Debug|Any CPU.ActiveCfg = Debug|Any CPU
		{66D81F6C-4D25-4CD7-B62B-F72C777E05B8}.Debug|Any CPU.Build.0 = Debug|Any CPU
		{66D81F6C-4D25-4CD7-B62B-F72C777E05B8}.Release|Any CPU.ActiveCfg = Release|Any CPU
		{66D81F6C-4D25-4CD7-B62B-F72C777E05B8}.Release|Any CPU.Build.0 = Release|Any CPU
		{B85C3F9E-EED6-4689-B850-DC0B1CFC7387}.Debug|Any CPU.ActiveCfg = Debug|Any CPU
		{B85C3F9E-EED6-4689-B850-DC0B1CFC7387}.Debug|Any CPU.Build.0 = Debug|Any CPU
		{B85C3F9E-EED6-4689-B850-DC0B1CFC7387}.Release|Any CPU.ActiveCfg = Release|Any CPU
		{B85C3F9E-EED6-4689-B850-DC0B1CFC7387}.Release|Any CPU.Build.0 = Release|Any CPU
		{01A832AA-384D-4F5B-8ACE-3583BB855B8C}.Debug|Any CPU.ActiveCfg = Debug|Any CPU
		{01A832AA-384D-4F5B-8ACE-3583BB855B8C}.Debug|Any CPU.Build.0 = Debug|Any CPU
		{01A832AA-384D-4F5B-8ACE-3583BB855B8C}.Release|Any CPU.ActiveCfg = Release|Any CPU
		{01A832AA-384D-4F5B-8ACE-3583BB855B8C}.Release|Any CPU.Build.0 = Release|Any CPU
		{7008689B-EDA5-4AF6-BC31-480115C691DD}.Debug|Any CPU.ActiveCfg = Debug|Any CPU
		{7008689B-EDA5-4AF6-BC31-480115C691DD}.Debug|Any CPU.Build.0 = Debug|Any CPU
		{7008689B-EDA5-4AF6-BC31-480115C691DD}.Release|Any CPU.ActiveCfg = Release|Any CPU
		{7008689B-EDA5-4AF6-BC31-480115C691DD}.Release|Any CPU.Build.0 = Release|Any CPU
		{49938E79-3DCB-472C-801F-BB8C446C9FE3}.Debug|Any CPU.ActiveCfg = Debug|Any CPU
		{49938E79-3DCB-472C-801F-BB8C446C9FE3}.Debug|Any CPU.Build.0 = Debug|Any CPU
		{49938E79-3DCB-472C-801F-BB8C446C9FE3}.Release|Any CPU.ActiveCfg = Release|Any CPU
		{49938E79-3DCB-472C-801F-BB8C446C9FE3}.Release|Any CPU.Build.0 = Release|Any CPU
	EndGlobalSection
	GlobalSection(SolutionProperties) = preSolution
		HideSolutionNode = FALSE
	EndGlobalSection
	GlobalSection(NestedProjects) = preSolution
		{6249CD76-B4FD-42DA-A269-B831982B2D12} = {157054DD-EFDD-4DE5-8DA9-FA3FB25E4BBF}
		{B5B69101-785B-4750-8D4E-6E8708B7FE13} = {BBBDA882-ED61-4F42-8380-11A6D6E6C82C}
		{C5314CFD-5ED0-4EB4-A729-248887F5FF6F} = {722A2DEB-1919-4A63-9F2A-CF068C8A1618}
		{C4786131-A757-4EDE-93BC-68389E0B73F0} = {722A2DEB-1919-4A63-9F2A-CF068C8A1618}
		{C6461766-7C2C-412C-B224-A756B772EC7A} = {16831A12-4938-4FFE-84BF-10B92FF4C518}
		{01717C0F-A79E-4235-9217-A7DBF63D9B71} = {6903C587-99D3-4EAB-ABC0-4425EF8C8D30}
		{1A8FABDF-CD9B-47A4-BED1-221DF698007B} = {6903C587-99D3-4EAB-ABC0-4425EF8C8D30}
		{08B3CDA1-130A-4ABC-9838-1F692DD5534A} = {6903C587-99D3-4EAB-ABC0-4425EF8C8D30}
		{71FBFA29-9AEA-4E69-BE29-CD4240BAD41D} = {6903C587-99D3-4EAB-ABC0-4425EF8C8D30}
		{66D81F6C-4D25-4CD7-B62B-F72C777E05B8} = {BBBDA882-ED61-4F42-8380-11A6D6E6C82C}
		{B85C3F9E-EED6-4689-B850-DC0B1CFC7387} = {6903C587-99D3-4EAB-ABC0-4425EF8C8D30}
		{01A832AA-384D-4F5B-8ACE-3583BB855B8C} = {722A2DEB-1919-4A63-9F2A-CF068C8A1618}
		{7008689B-EDA5-4AF6-BC31-480115C691DD} = {BBBDA882-ED61-4F42-8380-11A6D6E6C82C}
		{49938E79-3DCB-472C-801F-BB8C446C9FE3} = {BBBDA882-ED61-4F42-8380-11A6D6E6C82C}
	EndGlobalSection
	GlobalSection(ExtensibilityGlobals) = postSolution
		SolutionGuid = {546877d0-f5a8-42cf-ad15-a160822c2f35}
	EndGlobalSection
EndGlobal
